// !$*UTF8*$!
{
	archiveVersion = 1;
	classes = {
	};
	objectVersion = 46;
	objects = {

/* Begin PBXBuildFile section */
		9770F5331BC8F66600AE5D94 /* main.m in Sources */ = {isa = PBXBuildFile; fileRef = 9770F5321BC8F66600AE5D94 /* main.m */; };
		9770F5361BC8F66600AE5D94 /* AppDelegate.m in Sources */ = {isa = PBXBuildFile; fileRef = 9770F5351BC8F66600AE5D94 /* AppDelegate.m */; };
		9770F5391BC8F66600AE5D94 /* ViewController.m in Sources */ = {isa = PBXBuildFile; fileRef = 9770F5381BC8F66600AE5D94 /* ViewController.m */; };
		9770F53C1BC8F66600AE5D94 /* Main.storyboard in Resources */ = {isa = PBXBuildFile; fileRef = 9770F53A1BC8F66600AE5D94 /* Main.storyboard */; };
		9770F53E1BC8F66600AE5D94 /* Assets.xcassets in Resources */ = {isa = PBXBuildFile; fileRef = 9770F53D1BC8F66600AE5D94 /* Assets.xcassets */; };
		9770F5411BC8F66600AE5D94 /* LaunchScreen.storyboard in Resources */ = {isa = PBXBuildFile; fileRef = 9770F53F1BC8F66600AE5D94 /* LaunchScreen.storyboard */; };
/* End PBXBuildFile section */

/* Begin PBXFileReference section */
		9770F52E1BC8F66600AE5D94 /* PostmatesiOS.app */ = {isa = PBXFileReference; explicitFileType = wrapper.application; includeInIndex = 0; path = PostmatesiOS.app; sourceTree = BUILT_PRODUCTS_DIR; };
		9770F5321BC8F66600AE5D94 /* main.m */ = {isa = PBXFileReference; lastKnownFileType = sourcecode.c.objc; path = main.m; sourceTree = "<group>"; };
		9770F5341BC8F66600AE5D94 /* AppDelegate.h */ = {isa = PBXFileReference; lastKnownFileType = sourcecode.c.h; path = AppDelegate.h; sourceTree = "<group>"; };
		9770F5351BC8F66600AE5D94 /* AppDelegate.m */ = {isa = PBXFileReference; lastKnownFileType = sourcecode.c.objc; path = AppDelegate.m; sourceTree = "<group>"; };
		9770F5371BC8F66600AE5D94 /* ViewController.h */ = {isa = PBXFileReference; lastKnownFileType = sourcecode.c.h; path = ViewController.h; sourceTree = "<group>"; };
		9770F5381BC8F66600AE5D94 /* ViewController.m */ = {isa = PBXFileReference; lastKnownFileType = sourcecode.c.objc; path = ViewController.m; sourceTree = "<group>"; };
		9770F53B1BC8F66600AE5D94 /* Base */ = {isa = PBXFileReference; lastKnownFileType = file.storyboard; name = Base; path = Base.lproj/Main.storyboard; sourceTree = "<group>"; };
		9770F53D1BC8F66600AE5D94 /* Assets.xcassets */ = {isa = PBXFileReference; lastKnownFileType = folder.assetcatalog; path = Assets.xcassets; sourceTree = "<group>"; };
		9770F5401BC8F66600AE5D94 /* Base */ = {isa = PBXFileReference; lastKnownFileType = file.storyboard; name = Base; path = Base.lproj/LaunchScreen.storyboard; sourceTree = "<group>"; };
		9770F5421BC8F66600AE5D94 /* Info.plist */ = {isa = PBXFileReference; lastKnownFileType = text.plist.xml; path = Info.plist; sourceTree = "<group>"; };
/* End PBXFileReference section */

/* Begin PBXFrameworksBuildPhase section */
		9770F52B1BC8F66600AE5D94 /* Frameworks */ = {
			isa = PBXFrameworksBuildPhase;
			buildActionMask = 2147483647;
			files = (
			);
			runOnlyForDeploymentPostprocessing = 0;
		};
/* End PBXFrameworksBuildPhase section */

/* Begin PBXGroup section */
		9770F5251BC8F66600AE5D94 = {
			isa = PBXGroup;
			children = (
				9770F5301BC8F66600AE5D94 /* PostmatesiOS */,
				9770F52F1BC8F66600AE5D94 /* Products */,
			);
			sourceTree = "<group>";
		};
		9770F52F1BC8F66600AE5D94 /* Products */ = {
			isa = PBXGroup;
			children = (
				9770F52E1BC8F66600AE5D94 /* PostmatesiOS.app */,
			);
			name = Products;
			sourceTree = "<group>";
		};
		9770F5301BC8F66600AE5D94 /* PostmatesiOS */ = {
			isa = PBXGroup;
			children = (
				9770F5341BC8F66600AE5D94 /* AppDelegate.h */,
				9770F5351BC8F66600AE5D94 /* AppDelegate.m */,
				9770F5371BC8F66600AE5D94 /* ViewController.h */,
				9770F5381BC8F66600AE5D94 /* ViewController.m */,
				9770F53A1BC8F66600AE5D94 /* Main.storyboard */,
				9770F53D1BC8F66600AE5D94 /* Assets.xcassets */,
				9770F53F1BC8F66600AE5D94 /* LaunchScreen.storyboard */,
				9770F5421BC8F66600AE5D94 /* Info.plist */,
				9770F5311BC8F66600AE5D94 /* Supporting Files */,
			);
			path = PostmatesiOS;
			sourceTree = "<group>";
		};
		9770F5311BC8F66600AE5D94 /* Supporting Files */ = {
			isa = PBXGroup;
			children = (
				9770F5321BC8F66600AE5D94 /* main.m */,
			);
			name = "Supporting Files";
			sourceTree = "<group>";
		};
/* End PBXGroup section */

/* Begin PBXNativeTarget section */
		9770F52D1BC8F66600AE5D94 /* PostmatesiOS */ = {
			isa = PBXNativeTarget;
			buildConfigurationList = 9770F5451BC8F66600AE5D94 /* Build configuration list for PBXNativeTarget "PostmatesiOS" */;
			buildPhases = (
				9770F52A1BC8F66600AE5D94 /* Sources */,
				9770F52B1BC8F66600AE5D94 /* Frameworks */,
				9770F52C1BC8F66600AE5D94 /* Resources */,
			);
			buildRules = (
			);
			dependencies = (
			);
			name = PostmatesiOS;
			productName = PostmatesiOS;
			productReference = 9770F52E1BC8F66600AE5D94 /* PostmatesiOS.app */;
			productType = "com.apple.product-type.application";
		};
/* End PBXNativeTarget section */

/* Begin PBXProject section */
		9770F5261BC8F66600AE5D94 /* Project object */ = {
			isa = PBXProject;
			attributes = {
				LastUpgradeCheck = 0700;
				ORGANIZATIONNAME = "Cal Hacks Squad";
				TargetAttributes = {
					9770F52D1BC8F66600AE5D94 = {
						CreatedOnToolsVersion = 7.0.1;
					};
				};
			};
			buildConfigurationList = 9770F5291BC8F66600AE5D94 /* Build configuration list for PBXProject "PostmatesiOS" */;
			compatibilityVersion = "Xcode 3.2";
			developmentRegion = English;
			hasScannedForEncodings = 0;
			knownRegions = (
				en,
				Base,
			);
			mainGroup = 9770F5251BC8F66600AE5D94;
			productRefGroup = 9770F52F1BC8F66600AE5D94 /* Products */;
			projectDirPath = "";
			projectRoot = "";
			targets = (
				9770F52D1BC8F66600AE5D94 /* PostmatesiOS */,
			);
		};
/* End PBXProject section */

/* Begin PBXResourcesBuildPhase section */
		9770F52C1BC8F66600AE5D94 /* Resources */ = {
			isa = PBXResourcesBuildPhase;
			buildActionMask = 2147483647;
			files = (
				9770F5411BC8F66600AE5D94 /* LaunchScreen.storyboard in Resources */,
				9770F53E1BC8F66600AE5D94 /* Assets.xcassets in Resources */,
				9770F53C1BC8F66600AE5D94 /* Main.storyboard in Resources */,
			);
			runOnlyForDeploymentPostprocessing = 0;
		};
/* End PBXResourcesBuildPhase section */

/* Begin PBXSourcesBuildPhase section */
		9770F52A1BC8F66600AE5D94 /* Sources */ = {
			isa = PBXSourcesBuildPhase;
			buildActionMask = 2147483647;
			files = (
				9770F5391BC8F66600AE5D94 /* ViewController.m in Sources */,
				9770F5361BC8F66600AE5D94 /* AppDelegate.m in Sources */,
				9770F5331BC8F66600AE5D94 /* main.m in Sources */,
			);
			runOnlyForDeploymentPostprocessing = 0;
		};
/* End PBXSourcesBuildPhase section */

/* Begin PBXVariantGroup section */
		9770F53A1BC8F66600AE5D94 /* Main.storyboard */ = {
			isa = PBXVariantGroup;
			children = (
				9770F53B1BC8F66600AE5D94 /* Base */,
			);
			name = Main.storyboard;
			sourceTree = "<group>";
		};
		9770F53F1BC8F66600AE5D94 /* LaunchScreen.storyboard */ = {
			isa = PBXVariantGroup;
			children = (
				9770F5401BC8F66600AE5D94 /* Base */,
			);
			name = LaunchScreen.storyboard;
			sourceTree = "<group>";
		};
/* End PBXVariantGroup section */

/* Begin XCBuildConfiguration section */
		9770F5431BC8F66600AE5D94 /* Debug */ = {
			isa = XCBuildConfiguration;
			buildSettings = {
				ALWAYS_SEARCH_USER_PATHS = NO;
				CLANG_CXX_LANGUAGE_STANDARD = "gnu++0x";
				CLANG_CXX_LIBRARY = "libc++";
				CLANG_ENABLE_MODULES = YES;
				CLANG_ENABLE_OBJC_ARC = YES;
				CLANG_WARN_BOOL_CONVERSION = YES;
				CLANG_WARN_CONSTANT_CONVERSION = YES;
				CLANG_WARN_DIRECT_OBJC_ISA_USAGE = YES_ERROR;
				CLANG_WARN_EMPTY_BODY = YES;
				CLANG_WARN_ENUM_CONVERSION = YES;
				CLANG_WARN_INT_CONVERSION = YES;
				CLANG_WARN_OBJC_ROOT_CLASS = YES_ERROR;
				CLANG_WARN_UNREACHABLE_CODE = YES;
				CLANG_WARN__DUPLICATE_METHOD_MATCH = YES;
				"CODE_SIGN_IDENTITY[sdk=iphoneos*]" = "iPhone Developer";
				COPY_PHASE_STRIP = NO;
				DEBUG_INFORMATION_FORMAT = dwarf;
				ENABLE_STRICT_OBJC_MSGSEND = YES;
				ENABLE_TESTABILITY = YES;
				GCC_C_LANGUAGE_STANDARD = gnu99;
				GCC_DYNAMIC_NO_PIC = NO;
				GCC_NO_COMMON_BLOCKS = YES;
				GCC_OPTIMIZATION_LEVEL = 0;
				GCC_PREPROCESSOR_DEFINITIONS = (
					"DEBUG=1",
					"$(inherited)",
				);
				GCC_WARN_64_TO_32_BIT_CONVERSION = YES;
				GCC_WARN_ABOUT_RETURN_TYPE = YES_ERROR;
				GCC_WARN_UNDECLARED_SELECTOR = YES;
				GCC_WARN_UNINITIALIZED_AUTOS = YES_AGGRESSIVE;
				GCC_WARN_UNUSED_FUNCTION = YES;
				GCC_WARN_UNUSED_VARIABLE = YES;
				IPHONEOS_DEPLOYMENT_TARGET = 9.0;
				MTL_ENABLE_DEBUG_INFO = YES;
				ONLY_ACTIVE_ARCH = YES;
				SDKROOT = iphoneos;
			};
			name = Debug;
		};
		9770F5441BC8F66600AE5D94 /* Release */ = {
			isa = XCBuildConfiguration;
			buildSettings = {
				ALWAYS_SEARCH_USER_PATHS = NO;
				CLANG_CXX_LANGUAGE_STANDARD = "gnu++0x";
				CLANG_CXX_LIBRARY = "libc++";
				CLANG_ENABLE_MODULES = YES;
				CLANG_ENABLE_OBJC_ARC = YES;
				CLANG_WARN_BOOL_CONVERSION = YES;
				CLANG_WARN_CONSTANT_CONVERSION = YES;
				CLANG_WARN_DIRECT_OBJC_ISA_USAGE = YES_ERROR;
				CLANG_WARN_EMPTY_BODY = YES;
				CLANG_WARN_ENUM_CONVERSION = YES;
				CLANG_WARN_INT_CONVERSION = YES;
				CLANG_WARN_OBJC_ROOT_CLASS = YES_ERROR;
				CLANG_WARN_UNREACHABLE_CODE = YES;
				CLANG_WARN__DUPLICATE_METHOD_MATCH = YES;
				"CODE_SIGN_IDENTITY[sdk=iphoneos*]" = "iPhone Developer";
				COPY_PHASE_STRIP = NO;
				DEBUG_INFORMATION_FORMAT = "dwarf-with-dsym";
				ENABLE_NS_ASSERTIONS = NO;
				ENABLE_STRICT_OBJC_MSGSEND = YES;
				GCC_C_LANGUAGE_STANDARD = gnu99;
				GCC_NO_COMMON_BLOCKS = YES;
				GCC_WARN_64_TO_32_BIT_CONVERSION = YES;
				GCC_WARN_ABOUT_RETURN_TYPE = YES_ERROR;
				GCC_WARN_UNDECLARED_SELECTOR = YES;
				GCC_WARN_UNINITIALIZED_AUTOS = YES_AGGRESSIVE;
				GCC_WARN_UNUSED_FUNCTION = YES;
				GCC_WARN_UNUSED_VARIABLE = YES;
				IPHONEOS_DEPLOYMENT_TARGET = 9.0;
				MTL_ENABLE_DEBUG_INFO = NO;
				SDKROOT = iphoneos;
				VALIDATE_PRODUCT = YES;
			};
			name = Release;
		};
		9770F5461BC8F66600AE5D94 /* Debug */ = {
			isa = XCBuildConfiguration;
			buildSettings = {
				ASSETCATALOG_COMPILER_APPICON_NAME = AppIcon;
				INFOPLIST_FILE = PostmatesiOS/Info.plist;
				LD_RUNPATH_SEARCH_PATHS = "$(inherited) @executable_path/Frameworks";
				PRODUCT_BUNDLE_IDENTIFIER = com.chs.PostmatesiOS;
				PRODUCT_NAME = "$(TARGET_NAME)";
			};
			name = Debug;
		};
		9770F5471BC8F66600AE5D94 /* Release */ = {
			isa = XCBuildConfiguration;
			buildSettings = {
				ASSETCATALOG_COMPILER_APPICON_NAME = AppIcon;
				INFOPLIST_FILE = PostmatesiOS/Info.plist;
				LD_RUNPATH_SEARCH_PATHS = "$(inherited) @executable_path/Frameworks";
				PRODUCT_BUNDLE_IDENTIFIER = com.chs.PostmatesiOS;
				PRODUCT_NAME = "$(TARGET_NAME)";
			};
			name = Release;
		};
/* End XCBuildConfiguration section */

/* Begin XCConfigurationList section */
		9770F5291BC8F66600AE5D94 /* Build configuration list for PBXProject "PostmatesiOS" */ = {
			isa = XCConfigurationList;
			buildConfigurations = (
				9770F5431BC8F66600AE5D94 /* Debug */,
				9770F5441BC8F66600AE5D94 /* Release */,
			);
			defaultConfigurationIsVisible = 0;
			defaultConfigurationName = Release;
		};
		9770F5451BC8F66600AE5D94 /* Build configuration list for PBXNativeTarget "PostmatesiOS" */ = {
			isa = XCConfigurationList;
			buildConfigurations = (
				9770F5461BC8F66600AE5D94 /* Debug */,
				9770F5471BC8F66600AE5D94 /* Release */,
			);
			defaultConfigurationIsVisible = 0;
		};
/* End XCConfigurationList section */
	};
	rootObject = 9770F5261BC8F66600AE5D94 /* Project object */;
}
